
Microsoft Visual Studio Solution File, Format Version 12.00
# Visual Studio Version 16
VisualStudioVersion = 16.0.31702.278
MinimumVisualStudioVersion = 10.0.40219.1
Project("{FAE04EC0-301F-11D3-BF4B-00C04F79EFBC}") = "OrderApi", "OrderApi\OrderApi.csproj", "{EEEB70A0-CE59-442D-91D6-965556112E2B}"
EndProject
Global
	GlobalSection(SolutionConfigurationPlatforms) = preSolution
		Debug|Any CPU = Debug|Any CPU
		Release|Any CPU = Release|Any CPU
	EndGlobalSection
	GlobalSection(ProjectConfigurationPlatforms) = postSolution
		{EEEB70A0-CE59-442D-91D6-965556112E2B}.Debug|Any CPU.ActiveCfg = Debug|Any CPU
		{EEEB70A0-CE59-442D-91D6-965556112E2B}.Debug|Any CPU.Build.0 = Debug|Any CPU
		{EEEB70A0-CE59-442D-91D6-965556112E2B}.Release|Any CPU.ActiveCfg = Release|Any CPU
		{EEEB70A0-CE59-442D-91D6-965556112E2B}.Release|Any CPU.Build.0 = Release|Any CPU
	EndGlobalSection
	GlobalSection(SolutionProperties) = preSolution
		HideSolutionNode = FALSE
	EndGlobalSection
	GlobalSection(ExtensibilityGlobals) = postSolution
		SolutionGuid = {D77353DB-2B4C-4498-96BC-A440D80B7348}
	EndGlobalSection
EndGlobal
