
Microsoft Visual Studio Solution File, Format Version 12.00
# Visual Studio Version 16
VisualStudioVersion = 16.0.31702.278
MinimumVisualStudioVersion = 10.0.40219.1
Project("{FAE04EC0-301F-11D3-BF4B-00C04F79EFBC}") = "ToppingsApi", "ToppingsApi\ToppingsApi.csproj", "{2D3FB565-B436-4DD6-9F2C-6F75D4795E7F}"
EndProject
Global
	GlobalSection(SolutionConfigurationPlatforms) = preSolution
		Debug|Any CPU = Debug|Any CPU
		Release|Any CPU = Release|Any CPU
	EndGlobalSection
	GlobalSection(ProjectConfigurationPlatforms) = postSolution
		{2D3FB565-B436-4DD6-9F2C-6F75D4795E7F}.Debug|Any CPU.ActiveCfg = Debug|Any CPU
		{2D3FB565-B436-4DD6-9F2C-6F75D4795E7F}.Debug|Any CPU.Build.0 = Debug|Any CPU
		{2D3FB565-B436-4DD6-9F2C-6F75D4795E7F}.Release|Any CPU.ActiveCfg = Release|Any CPU
		{2D3FB565-B436-4DD6-9F2C-6F75D4795E7F}.Release|Any CPU.Build.0 = Release|Any CPU
	EndGlobalSection
	GlobalSection(SolutionProperties) = preSolution
		HideSolutionNode = FALSE
	EndGlobalSection
	GlobalSection(ExtensibilityGlobals) = postSolution
		SolutionGuid = {9AE6D13E-2053-4550-9CBA-9A778B7A3589}
	EndGlobalSection
EndGlobal
